
Microsoft Visual Studio Solution File, Format Version 12.00
# Visual Studio Version 17
VisualStudioVersion = 17.0.31903.59
MinimumVisualStudioVersion = 10.0.40219.1
Project("{FAE04EC0-301F-11D3-BF4B-00C04F79EFBC}") = "EmployeeEntities.API", "EmployeeEntities.API\EmployeeEntities.API.csproj", "{853C0ECE-94F3-4211-88A5-D76C73D7042F}"
EndProject
Project("{FAE04EC0-301F-11D3-BF4B-00C04F79EFBC}") = "EmployeeEntities.Models", "EmployeeEntities.Models\EmployeeEntities.Models.csproj", "{D7024D7F-E44D-4E4E-912E-9DCC1BA074C7}"
EndProject
Project("{FAE04EC0-301F-11D3-BF4B-00C04F79EFBC}") = "EmployeeEntities.Data", "EmployeeEntities.Data\EmployeeEntities.Data.csproj", "{BFEAACE3-C59A-4057-BAE9-69FD9320042B}"
EndProject
Global
	GlobalSection(SolutionConfigurationPlatforms) = preSolution
		Debug|Any CPU = Debug|Any CPU
		Release|Any CPU = Release|Any CPU
	EndGlobalSection
	GlobalSection(SolutionProperties) = preSolution
		HideSolutionNode = FALSE
	EndGlobalSection
	GlobalSection(ProjectConfigurationPlatforms) = postSolution
		{853C0ECE-94F3-4211-88A5-D76C73D7042F}.Debug|Any CPU.ActiveCfg = Debug|Any CPU
		{853C0ECE-94F3-4211-88A5-D76C73D7042F}.Debug|Any CPU.Build.0 = Debug|Any CPU
		{853C0ECE-94F3-4211-88A5-D76C73D7042F}.Release|Any CPU.ActiveCfg = Release|Any CPU
		{853C0ECE-94F3-4211-88A5-D76C73D7042F}.Release|Any CPU.Build.0 = Release|Any CPU
		{D7024D7F-E44D-4E4E-912E-9DCC1BA074C7}.Debug|Any CPU.ActiveCfg = Debug|Any CPU
		{D7024D7F-E44D-4E4E-912E-9DCC1BA074C7}.Debug|Any CPU.Build.0 = Debug|Any CPU
		{D7024D7F-E44D-4E4E-912E-9DCC1BA074C7}.Release|Any CPU.ActiveCfg = Release|Any CPU
		{D7024D7F-E44D-4E4E-912E-9DCC1BA074C7}.Release|Any CPU.Build.0 = Release|Any CPU
		{BFEAACE3-C59A-4057-BAE9-69FD9320042B}.Debug|Any CPU.ActiveCfg = Debug|Any CPU
		{BFEAACE3-C59A-4057-BAE9-69FD9320042B}.Debug|Any CPU.Build.0 = Debug|Any CPU
		{BFEAACE3-C59A-4057-BAE9-69FD9320042B}.Release|Any CPU.ActiveCfg = Release|Any CPU
		{BFEAACE3-C59A-4057-BAE9-69FD9320042B}.Release|Any CPU.Build.0 = Release|Any CPU
	EndGlobalSection
EndGlobal
